PODS:
  - Alamofire (5.0.2)
  - AlamofireNetworkActivityLogger (3.0.0):
    - Alamofire (~> 5.0.0-rc.2)
  - Bagel (1.3.2):
    - CocoaAsyncSocket
  - CocoaAsyncSocket (7.6.4)
  - SCLAlertView (0.8)
  - SwiftLint (0.39.1)

DEPENDENCIES:
  - AlamofireNetworkActivityLogger (~> 3.0)
  - Bagel (~> 1.3.2)
  - SCLAlertView
  - SwiftLint

SPEC REPOS:
  trunk:
    - Alamofire
    - AlamofireNetworkActivityLogger
    - Bagel
    - CocoaAsyncSocket
    - SCLAlertView
    - SwiftLint

SPEC CHECKSUMS:
  Alamofire: 3ba7a4db18b4f62c4a1c0e1cb39d7f3d52e10ada
  AlamofireNetworkActivityLogger: 94e8a7d454a4a9800cef1d0c1d3699754493684b
  Bagel: 199e0105ac694d6eee9db54dd006c940da6ce81b
  CocoaAsyncSocket: 694058e7c0ed05a9e217d1b3c7ded962f4180845
  SCLAlertView: 6a77bb2edfc65e04dbe57725546cb4107a506b85
  SwiftLint: 55e96a4a4d537d4a3156859fc1c54bd24851a046

PODFILE CHECKSUM: ccbb3dba735e6fad1ecaa11b7ae24e28c1295a72

COCOAPODS: 1.9.1
