// !$*UTF8*$!
{
	archiveVersion = 1;
	classes = {
	};
	objectVersion = 52;
	objects = {

/* Begin PBXBuildFile section */
		E1010DD2216F5F86A3CB35BD /* Pods_BaseProject.framework in Frameworks */ = {isa = PBXBuildFile; fileRef = 10597F97009A2EC1A100AC08 /* Pods_BaseProject.framework */; };
		F41295C2235DDFBF00DD6D8C /* GenericListController.swift in Sources */ = {isa = PBXBuildFile; fileRef = F41295C1235DDFBF00DD6D8C /* GenericListController.swift */; };
		F41F937B24123E4D00688998 /* FontPickerController.swift in Sources */ = {isa = PBXBuildFile; fileRef = F41F937A24123E4D00688998 /* FontPickerController.swift */; };
		F41F93862412469900688998 /* Spartan-Medium.ttf in Resources */ = {isa = PBXBuildFile; fileRef = F41F937D2412469900688998 /* Spartan-Medium.ttf */; };
		F41F938A2412469900688998 /* Spartan-Bold.ttf in Resources */ = {isa = PBXBuildFile; fileRef = F41F93812412469900688998 /* Spartan-Bold.ttf */; };
		F41F938B2412469900688998 /* Spartan-Light.ttf in Resources */ = {isa = PBXBuildFile; fileRef = F41F93822412469900688998 /* Spartan-Light.ttf */; };
		F41F938C2412469900688998 /* Spartan-Regular.ttf in Resources */ = {isa = PBXBuildFile; fileRef = F41F93832412469900688998 /* Spartan-Regular.ttf */; };
		F41F938E2412469900688998 /* Spartan-SemiBold.ttf in Resources */ = {isa = PBXBuildFile; fileRef = F41F93852412469900688998 /* Spartan-SemiBold.ttf */; };
		F42F7CA623F28E18001FCA6C /* EndPoints.swift in Sources */ = {isa = PBXBuildFile; fileRef = F42F7CA523F28E18001FCA6C /* EndPoints.swift */; };
		F42F7CA823F2BC2D001FCA6C /* UIColor+Extensions.swift in Sources */ = {isa = PBXBuildFile; fileRef = F42F7CA723F2BC2D001FCA6C /* UIColor+Extensions.swift */; };
		F4307D3E23DACA3D0016C8AA /* Settings.bundle in Resources */ = {isa = PBXBuildFile; fileRef = F4307D3D23DACA3D0016C8AA /* Settings.bundle */; };
		F436133423CC87650065DC57 /* Constants.swift in Sources */ = {isa = PBXBuildFile; fileRef = F436133323CC87650065DC57 /* Constants.swift */; };
		F436133623CC8B2D0065DC57 /* NSMutableAttributedString+Extensions.swift in Sources */ = {isa = PBXBuildFile; fileRef = F436133523CC8B2D0065DC57 /* NSMutableAttributedString+Extensions.swift */; };
		F436133A23CCAF110065DC57 /* TemplateViewController.swift in Sources */ = {isa = PBXBuildFile; fileRef = F436133723CCAF110065DC57 /* TemplateViewController.swift */; };
		F436133B23CCAF110065DC57 /* TemplateBuilder.swift in Sources */ = {isa = PBXBuildFile; fileRef = F436133823CCAF110065DC57 /* TemplateBuilder.swift */; };
		F436133C23CCAF110065DC57 /* TemplateViewModel.swift in Sources */ = {isa = PBXBuildFile; fileRef = F436133923CCAF110065DC57 /* TemplateViewModel.swift */; };
		F439F10323EBE2A500231A89 /* NSAttributedString+Extensions.swift in Sources */ = {isa = PBXBuildFile; fileRef = F439F10223EBE2A500231A89 /* NSAttributedString+Extensions.swift */; };
		F439F10523EBE37000231A89 /* UIView+Extensions.swift in Sources */ = {isa = PBXBuildFile; fileRef = F439F10423EBE37000231A89 /* UIView+Extensions.swift */; };
		F439F10723EBE41C00231A89 /* UIViewController+Extensions.swift in Sources */ = {isa = PBXBuildFile; fileRef = F439F10623EBE41C00231A89 /* UIViewController+Extensions.swift */; };
		F439F10923ED36C600231A89 /* ErrorPresentationType.swift in Sources */ = {isa = PBXBuildFile; fileRef = F439F10823ED36C600231A89 /* ErrorPresentationType.swift */; };
		F44B9B992407931300B0C36E /* UIImage+Extensions.swift in Sources */ = {isa = PBXBuildFile; fileRef = F44B9B982407931300B0C36E /* UIImage+Extensions.swift */; };
		F45A11BD243C9A7800469C3A /* EKNetworkModule in Frameworks */ = {isa = PBXBuildFile; productRef = F45A11BC243C9A7800469C3A /* EKNetworkModule */; };
		F45B88D62335406300E5A6F9 /* AppDelegate.swift in Sources */ = {isa = PBXBuildFile; fileRef = F45B88D52335406300E5A6F9 /* AppDelegate.swift */; };
		F45B88DA2335406300E5A6F9 /* ExampleViewController.swift in Sources */ = {isa = PBXBuildFile; fileRef = F45B88D92335406300E5A6F9 /* ExampleViewController.swift */; };
		F45B88DF2335406400E5A6F9 /* Assets.xcassets in Resources */ = {isa = PBXBuildFile; fileRef = F45B88DE2335406400E5A6F9 /* Assets.xcassets */; };
		F45B88E22335406400E5A6F9 /* LaunchScreen.storyboard in Resources */ = {isa = PBXBuildFile; fileRef = F45B88E02335406400E5A6F9 /* LaunchScreen.storyboard */; };
		F45B88EA233559EE00E5A6F9 /* Identifiable.swift in Sources */ = {isa = PBXBuildFile; fileRef = F45B88E9233559EE00E5A6F9 /* Identifiable.swift */; };
		F45B88EE23363AAB00E5A6F9 /* Log.swift in Sources */ = {isa = PBXBuildFile; fileRef = F45B88ED23363AAB00E5A6F9 /* Log.swift */; };
		F45B88F623364F8A00E5A6F9 /* LoaderPresentable.swift in Sources */ = {isa = PBXBuildFile; fileRef = F45B88F523364F8A00E5A6F9 /* LoaderPresentable.swift */; };
		F45B89002337322F00E5A6F9 /* ExampleTableViewCell.swift in Sources */ = {isa = PBXBuildFile; fileRef = F45B88FF2337322F00E5A6F9 /* ExampleTableViewCell.swift */; };
		F45B89022337367E00E5A6F9 /* NetworkViewController.swift in Sources */ = {isa = PBXBuildFile; fileRef = F45B89012337367E00E5A6F9 /* NetworkViewController.swift */; };
		F464D0ED240D490300C9F783 /* SettingsViewController.swift in Sources */ = {isa = PBXBuildFile; fileRef = F464D0EA240D490300C9F783 /* SettingsViewController.swift */; };
		F464D0EE240D490300C9F783 /* SettingsBuilder.swift in Sources */ = {isa = PBXBuildFile; fileRef = F464D0EB240D490300C9F783 /* SettingsBuilder.swift */; };
		F464D0EF240D490300C9F783 /* SettingsViewModel.swift in Sources */ = {isa = PBXBuildFile; fileRef = F464D0EC240D490300C9F783 /* SettingsViewModel.swift */; };
		F464D0F1240E329B00C9F783 /* UIEdgeInsets+Extensions.swift in Sources */ = {isa = PBXBuildFile; fileRef = F464D0F0240E329B00C9F783 /* UIEdgeInsets+Extensions.swift */; };
		F464D0F3240E4A2400C9F783 /* CommonView.swift in Sources */ = {isa = PBXBuildFile; fileRef = F464D0F2240E4A2400C9F783 /* CommonView.swift */; };
		F464D0F5240E6C6800C9F783 /* MyThemes.swift in Sources */ = {isa = PBXBuildFile; fileRef = F464D0F4240E6C6800C9F783 /* MyThemes.swift */; };
		F464D0F7240E75BF00C9F783 /* GlobalPicker.swift in Sources */ = {isa = PBXBuildFile; fileRef = F464D0F6240E75BF00C9F783 /* GlobalPicker.swift */; };
		F464D0F9240E7A8B00C9F783 /* CommonLabel.swift in Sources */ = {isa = PBXBuildFile; fileRef = F464D0F8240E7A8B00C9F783 /* CommonLabel.swift */; };
		F464D101240E992C00C9F783 /* .swiftlint.yml in Resources */ = {isa = PBXBuildFile; fileRef = F464D100240E992C00C9F783 /* .swiftlint.yml */; };
		F464D104240FD27200C9F783 /* TextStyle.swift in Sources */ = {isa = PBXBuildFile; fileRef = F464D103240FD27200C9F783 /* TextStyle.swift */; };
		F464D1212410F49300C9F783 /* Raleway-Medium.ttf in Resources */ = {isa = PBXBuildFile; fileRef = F464D10E2410F49200C9F783 /* Raleway-Medium.ttf */; };
		F464D1222410F49300C9F783 /* Raleway-SemiBold.ttf in Resources */ = {isa = PBXBuildFile; fileRef = F464D10F2410F49200C9F783 /* Raleway-SemiBold.ttf */; };
		F464D1252410F49300C9F783 /* Raleway-Regular.ttf in Resources */ = {isa = PBXBuildFile; fileRef = F464D1122410F49200C9F783 /* Raleway-Regular.ttf */; };
		F464D1282410F49300C9F783 /* Raleway-Light.ttf in Resources */ = {isa = PBXBuildFile; fileRef = F464D1152410F49200C9F783 /* Raleway-Light.ttf */; };
		F464D12E2410F49300C9F783 /* Raleway-Italic.ttf in Resources */ = {isa = PBXBuildFile; fileRef = F464D11B2410F49200C9F783 /* Raleway-Italic.ttf */; };
		F464D12F2410F49300C9F783 /* Raleway-Bold.ttf in Resources */ = {isa = PBXBuildFile; fileRef = F464D11C2410F49200C9F783 /* Raleway-Bold.ttf */; };
		F469A2F123C7489900B68D27 /* Connectivity.swift in Sources */ = {isa = PBXBuildFile; fileRef = F469A2F023C7489900B68D27 /* Connectivity.swift */; };
		F469A2F323C8602400B68D27 /* BaseViewModelBehaviour.swift in Sources */ = {isa = PBXBuildFile; fileRef = F469A2F223C8602400B68D27 /* BaseViewModelBehaviour.swift */; };
		F469A2F523C864DB00B68D27 /* BaseViewModel.swift in Sources */ = {isa = PBXBuildFile; fileRef = F469A2F423C864DB00B68D27 /* BaseViewModel.swift */; };
		F469A2F923C869AE00B68D27 /* Configurations.swift in Sources */ = {isa = PBXBuildFile; fileRef = F469A2F823C869AE00B68D27 /* Configurations.swift */; };
		F469A2FB23C86A3B00B68D27 /* AlertPresentable.swift in Sources */ = {isa = PBXBuildFile; fileRef = F469A2FA23C86A3B00B68D27 /* AlertPresentable.swift */; };
		F469A2FD23C86C9200B68D27 /* GenericListViewModel.swift in Sources */ = {isa = PBXBuildFile; fileRef = F469A2FC23C86C9200B68D27 /* GenericListViewModel.swift */; };
		F469A2FF23C873B500B68D27 /* Timer+Extensions.swift in Sources */ = {isa = PBXBuildFile; fileRef = F469A2FE23C873B500B68D27 /* Timer+Extensions.swift */; };
		F469A30123C8BADD00B68D27 /* UIApplication+Extensions.swift in Sources */ = {isa = PBXBuildFile; fileRef = F469A30023C8BADD00B68D27 /* UIApplication+Extensions.swift */; };
		F488D9BC237D358B0031D7FB /* CommonTextView.swift in Sources */ = {isa = PBXBuildFile; fileRef = F488D9BB237D358B0031D7FB /* CommonTextView.swift */; };
		F48CE0A623C4A747004D23CD /* KeyValueStorage.swift in Sources */ = {isa = PBXBuildFile; fileRef = F48CE0A523C4A747004D23CD /* KeyValueStorage.swift */; };
		F48EC1F82354B904002E36D3 /* Article.swift in Sources */ = {isa = PBXBuildFile; fileRef = F48EC1F72354B904002E36D3 /* Article.swift */; };
		F4ABB48723E8573400005E7B /* AppCoordinator.swift in Sources */ = {isa = PBXBuildFile; fileRef = F4ABB48623E8573400005E7B /* AppCoordinator.swift */; };
		F4ABB48A23E859FB00005E7B /* NetworkBuilder.swift in Sources */ = {isa = PBXBuildFile; fileRef = F4ABB48823E859FB00005E7B /* NetworkBuilder.swift */; };
		F4ABB48B23E859FB00005E7B /* NetworkViewModel.swift in Sources */ = {isa = PBXBuildFile; fileRef = F4ABB48923E859FB00005E7B /* NetworkViewModel.swift */; };
		F4ABB48F23E85A5100005E7B /* GenericListBuilder.swift in Sources */ = {isa = PBXBuildFile; fileRef = F4ABB48D23E85A5100005E7B /* GenericListBuilder.swift */; };
		F4ABB49123E85B5600005E7B /* ExampleContainerBuilder.swift in Sources */ = {isa = PBXBuildFile; fileRef = F4ABB49023E85B5600005E7B /* ExampleContainerBuilder.swift */; };
		F4ABB49323E85BC200005E7B /* ExampleContainerViewModel.swift in Sources */ = {isa = PBXBuildFile; fileRef = F4ABB49223E85BC200005E7B /* ExampleContainerViewModel.swift */; };
		F4B6977F23FFB157007585BC /* ViewModelContract.swift in Sources */ = {isa = PBXBuildFile; fileRef = F4B6977E23FFB157007585BC /* ViewModelContract.swift */; };
		F4BAC71223CC632B005014EB /* BaseViewController.swift in Sources */ = {isa = PBXBuildFile; fileRef = F4BAC71123CC632B005014EB /* BaseViewController.swift */; };
		F4C4439F23827B8000D33E75 /* CommonButton.swift in Sources */ = {isa = PBXBuildFile; fileRef = F4C4439E23827B8000D33E75 /* CommonButton.swift */; };
		F4D45B44243C6827005D4A6D /* SnapKit in Frameworks */ = {isa = PBXBuildFile; productRef = F4D45B43243C6827005D4A6D /* SnapKit */; };
		F4D45B4C243C6FCF005D4A6D /* NVActivityIndicatorView in Frameworks */ = {isa = PBXBuildFile; productRef = F4D45B4B243C6FCF005D4A6D /* NVActivityIndicatorView */; };
		F4D45B4F243C722B005D4A6D /* LBTATools in Frameworks */ = {isa = PBXBuildFile; productRef = F4D45B4E243C722B005D4A6D /* LBTATools */; };
		F4D45B52243C72C8005D4A6D /* XCoordinator in Frameworks */ = {isa = PBXBuildFile; productRef = F4D45B51243C72C8005D4A6D /* XCoordinator */; };
		F4D45B55243C734A005D4A6D /* AloeStackView in Frameworks */ = {isa = PBXBuildFile; productRef = F4D45B54243C734A005D4A6D /* AloeStackView */; };
		F4D45B58243C73F6005D4A6D /* Toast in Frameworks */ = {isa = PBXBuildFile; productRef = F4D45B57243C73F6005D4A6D /* Toast */; };
		F4D45B5B243C7713005D4A6D /* SwiftTheme in Frameworks */ = {isa = PBXBuildFile; productRef = F4D45B5A243C7713005D4A6D /* SwiftTheme */; };
		F4D45B5E243C7936005D4A6D /* Localize_Swift in Frameworks */ = {isa = PBXBuildFile; productRef = F4D45B5D243C7936005D4A6D /* Localize_Swift */; };
		F4D45B61243C7A72005D4A6D /* RxRelay in Frameworks */ = {isa = PBXBuildFile; productRef = F4D45B60243C7A72005D4A6D /* RxRelay */; };
		F4D45B63243C7A72005D4A6D /* RxCocoa in Frameworks */ = {isa = PBXBuildFile; productRef = F4D45B62243C7A72005D4A6D /* RxCocoa */; };
		F4D45B65243C7A72005D4A6D /* RxSwift in Frameworks */ = {isa = PBXBuildFile; productRef = F4D45B64243C7A72005D4A6D /* RxSwift */; };
		F4DCBC492355F52300C3D892 /* Localizable.strings in Resources */ = {isa = PBXBuildFile; fileRef = F4DCBC472355F52300C3D892 /* Localizable.strings */; };
		F4DCBC4D2355F66B00C3D892 /* String+Extensions.swift in Sources */ = {isa = PBXBuildFile; fileRef = F4DCBC4C2355F66B00C3D892 /* String+Extensions.swift */; };
/* End PBXBuildFile section */

/* Begin PBXCopyFilesBuildPhase section */
		F4D45B49243C6A63005D4A6D /* Embed Frameworks */ = {
			isa = PBXCopyFilesBuildPhase;
			buildActionMask = 2147483647;
			dstPath = "";
			dstSubfolderSpec = 10;
			files = (
			);
			name = "Embed Frameworks";
			runOnlyForDeploymentPostprocessing = 0;
		};
/* End PBXCopyFilesBuildPhase section */

/* Begin PBXFileReference section */
		10597F97009A2EC1A100AC08 /* Pods_BaseProject.framework */ = {isa = PBXFileReference; explicitFileType = wrapper.framework; includeInIndex = 0; path = Pods_BaseProject.framework; sourceTree = BUILT_PRODUCTS_DIR; };
		6AD1D797168504577404381D /* Pods-BaseProject.debug.xcconfig */ = {isa = PBXFileReference; includeInIndex = 1; lastKnownFileType = text.xcconfig; name = "Pods-BaseProject.debug.xcconfig"; path = "Target Support Files/Pods-BaseProject/Pods-BaseProject.debug.xcconfig"; sourceTree = "<group>"; };
		F41295C1235DDFBF00DD6D8C /* GenericListController.swift */ = {isa = PBXFileReference; lastKnownFileType = sourcecode.swift; path = GenericListController.swift; sourceTree = "<group>"; };
		F41F937A24123E4D00688998 /* FontPickerController.swift */ = {isa = PBXFileReference; lastKnownFileType = sourcecode.swift; path = FontPickerController.swift; sourceTree = "<group>"; };
		F41F937D2412469900688998 /* Spartan-Medium.ttf */ = {isa = PBXFileReference; lastKnownFileType = file; path = "Spartan-Medium.ttf"; sourceTree = "<group>"; };
		F41F93812412469900688998 /* Spartan-Bold.ttf */ = {isa = PBXFileReference; lastKnownFileType = file; path = "Spartan-Bold.ttf"; sourceTree = "<group>"; };
		F41F93822412469900688998 /* Spartan-Light.ttf */ = {isa = PBXFileReference; lastKnownFileType = file; path = "Spartan-Light.ttf"; sourceTree = "<group>"; };
		F41F93832412469900688998 /* Spartan-Regular.ttf */ = {isa = PBXFileReference; lastKnownFileType = file; path = "Spartan-Regular.ttf"; sourceTree = "<group>"; };
		F41F93852412469900688998 /* Spartan-SemiBold.ttf */ = {isa = PBXFileReference; lastKnownFileType = file; path = "Spartan-SemiBold.ttf"; sourceTree = "<group>"; };
		F42F7CA523F28E18001FCA6C /* EndPoints.swift */ = {isa = PBXFileReference; lastKnownFileType = sourcecode.swift; path = EndPoints.swift; sourceTree = "<group>"; };
		F42F7CA723F2BC2D001FCA6C /* UIColor+Extensions.swift */ = {isa = PBXFileReference; lastKnownFileType = sourcecode.swift; path = "UIColor+Extensions.swift"; sourceTree = "<group>"; };
		F4307D3D23DACA3D0016C8AA /* Settings.bundle */ = {isa = PBXFileReference; lastKnownFileType = "wrapper.plug-in"; path = Settings.bundle; sourceTree = "<group>"; };
		F436133323CC87650065DC57 /* Constants.swift */ = {isa = PBXFileReference; lastKnownFileType = sourcecode.swift; path = Constants.swift; sourceTree = "<group>"; };
		F436133523CC8B2D0065DC57 /* NSMutableAttributedString+Extensions.swift */ = {isa = PBXFileReference; lastKnownFileType = sourcecode.swift; path = "NSMutableAttributedString+Extensions.swift"; sourceTree = "<group>"; };
		F436133723CCAF110065DC57 /* TemplateViewController.swift */ = {isa = PBXFileReference; lastKnownFileType = sourcecode.swift; path = TemplateViewController.swift; sourceTree = "<group>"; };
		F436133823CCAF110065DC57 /* TemplateBuilder.swift */ = {isa = PBXFileReference; lastKnownFileType = sourcecode.swift; path = TemplateBuilder.swift; sourceTree = "<group>"; };
		F436133923CCAF110065DC57 /* TemplateViewModel.swift */ = {isa = PBXFileReference; lastKnownFileType = sourcecode.swift; path = TemplateViewModel.swift; sourceTree = "<group>"; };
		F439F10223EBE2A500231A89 /* NSAttributedString+Extensions.swift */ = {isa = PBXFileReference; lastKnownFileType = sourcecode.swift; path = "NSAttributedString+Extensions.swift"; sourceTree = "<group>"; };
		F439F10423EBE37000231A89 /* UIView+Extensions.swift */ = {isa = PBXFileReference; lastKnownFileType = sourcecode.swift; path = "UIView+Extensions.swift"; sourceTree = "<group>"; };
		F439F10623EBE41C00231A89 /* UIViewController+Extensions.swift */ = {isa = PBXFileReference; lastKnownFileType = sourcecode.swift; path = "UIViewController+Extensions.swift"; sourceTree = "<group>"; };
		F439F10823ED36C600231A89 /* ErrorPresentationType.swift */ = {isa = PBXFileReference; lastKnownFileType = sourcecode.swift; path = ErrorPresentationType.swift; sourceTree = "<group>"; };
		F44B9B982407931300B0C36E /* UIImage+Extensions.swift */ = {isa = PBXFileReference; lastKnownFileType = sourcecode.swift; path = "UIImage+Extensions.swift"; sourceTree = "<group>"; };
		F45B88D22335406300E5A6F9 /* BaseProject.app */ = {isa = PBXFileReference; explicitFileType = wrapper.application; includeInIndex = 0; path = BaseProject.app; sourceTree = BUILT_PRODUCTS_DIR; };
		F45B88D52335406300E5A6F9 /* AppDelegate.swift */ = {isa = PBXFileReference; lastKnownFileType = sourcecode.swift; path = AppDelegate.swift; sourceTree = "<group>"; };
		F45B88D92335406300E5A6F9 /* ExampleViewController.swift */ = {isa = PBXFileReference; lastKnownFileType = sourcecode.swift; path = ExampleViewController.swift; sourceTree = "<group>"; };
		F45B88DE2335406400E5A6F9 /* Assets.xcassets */ = {isa = PBXFileReference; lastKnownFileType = folder.assetcatalog; path = Assets.xcassets; sourceTree = "<group>"; };
		F45B88E12335406400E5A6F9 /* Base */ = {isa = PBXFileReference; lastKnownFileType = file.storyboard; name = Base; path = Base.lproj/LaunchScreen.storyboard; sourceTree = "<group>"; };
		F45B88E32335406400E5A6F9 /* Info.plist */ = {isa = PBXFileReference; lastKnownFileType = text.plist.xml; path = Info.plist; sourceTree = "<group>"; };
		F45B88E9233559EE00E5A6F9 /* Identifiable.swift */ = {isa = PBXFileReference; fileEncoding = 4; lastKnownFileType = sourcecode.swift; path = Identifiable.swift; sourceTree = "<group>"; };
		F45B88ED23363AAB00E5A6F9 /* Log.swift */ = {isa = PBXFileReference; fileEncoding = 4; lastKnownFileType = sourcecode.swift; path = Log.swift; sourceTree = "<group>"; };
		F45B88F523364F8A00E5A6F9 /* LoaderPresentable.swift */ = {isa = PBXFileReference; lastKnownFileType = sourcecode.swift; path = LoaderPresentable.swift; sourceTree = "<group>"; };
		F45B88FF2337322F00E5A6F9 /* ExampleTableViewCell.swift */ = {isa = PBXFileReference; lastKnownFileType = sourcecode.swift; path = ExampleTableViewCell.swift; sourceTree = "<group>"; };
		F45B89012337367E00E5A6F9 /* NetworkViewController.swift */ = {isa = PBXFileReference; lastKnownFileType = sourcecode.swift; path = NetworkViewController.swift; sourceTree = "<group>"; };
		F464D0EA240D490300C9F783 /* SettingsViewController.swift */ = {isa = PBXFileReference; lastKnownFileType = sourcecode.swift; path = SettingsViewController.swift; sourceTree = "<group>"; };
		F464D0EB240D490300C9F783 /* SettingsBuilder.swift */ = {isa = PBXFileReference; lastKnownFileType = sourcecode.swift; path = SettingsBuilder.swift; sourceTree = "<group>"; };
		F464D0EC240D490300C9F783 /* SettingsViewModel.swift */ = {isa = PBXFileReference; lastKnownFileType = sourcecode.swift; path = SettingsViewModel.swift; sourceTree = "<group>"; };
		F464D0F0240E329B00C9F783 /* UIEdgeInsets+Extensions.swift */ = {isa = PBXFileReference; lastKnownFileType = sourcecode.swift; path = "UIEdgeInsets+Extensions.swift"; sourceTree = "<group>"; };
		F464D0F2240E4A2400C9F783 /* CommonView.swift */ = {isa = PBXFileReference; lastKnownFileType = sourcecode.swift; path = CommonView.swift; sourceTree = "<group>"; };
		F464D0F4240E6C6800C9F783 /* MyThemes.swift */ = {isa = PBXFileReference; lastKnownFileType = sourcecode.swift; path = MyThemes.swift; sourceTree = "<group>"; };
		F464D0F6240E75BF00C9F783 /* GlobalPicker.swift */ = {isa = PBXFileReference; lastKnownFileType = sourcecode.swift; path = GlobalPicker.swift; sourceTree = "<group>"; };
		F464D0F8240E7A8B00C9F783 /* CommonLabel.swift */ = {isa = PBXFileReference; lastKnownFileType = sourcecode.swift; path = CommonLabel.swift; sourceTree = "<group>"; };
		F464D100240E992C00C9F783 /* .swiftlint.yml */ = {isa = PBXFileReference; fileEncoding = 4; lastKnownFileType = text.yaml; path = .swiftlint.yml; sourceTree = SOURCE_ROOT; };
		F464D103240FD27200C9F783 /* TextStyle.swift */ = {isa = PBXFileReference; lastKnownFileType = sourcecode.swift; path = TextStyle.swift; sourceTree = "<group>"; };
		F464D10E2410F49200C9F783 /* Raleway-Medium.ttf */ = {isa = PBXFileReference; lastKnownFileType = file; path = "Raleway-Medium.ttf"; sourceTree = "<group>"; };
		F464D10F2410F49200C9F783 /* Raleway-SemiBold.ttf */ = {isa = PBXFileReference; lastKnownFileType = file; path = "Raleway-SemiBold.ttf"; sourceTree = "<group>"; };
		F464D1122410F49200C9F783 /* Raleway-Regular.ttf */ = {isa = PBXFileReference; lastKnownFileType = file; path = "Raleway-Regular.ttf"; sourceTree = "<group>"; };
		F464D1152410F49200C9F783 /* Raleway-Light.ttf */ = {isa = PBXFileReference; lastKnownFileType = file; path = "Raleway-Light.ttf"; sourceTree = "<group>"; };
		F464D11B2410F49200C9F783 /* Raleway-Italic.ttf */ = {isa = PBXFileReference; lastKnownFileType = file; path = "Raleway-Italic.ttf"; sourceTree = "<group>"; };
		F464D11C2410F49200C9F783 /* Raleway-Bold.ttf */ = {isa = PBXFileReference; lastKnownFileType = file; path = "Raleway-Bold.ttf"; sourceTree = "<group>"; };
		F469A2F023C7489900B68D27 /* Connectivity.swift */ = {isa = PBXFileReference; lastKnownFileType = sourcecode.swift; path = Connectivity.swift; sourceTree = "<group>"; };
		F469A2F223C8602400B68D27 /* BaseViewModelBehaviour.swift */ = {isa = PBXFileReference; lastKnownFileType = sourcecode.swift; path = BaseViewModelBehaviour.swift; sourceTree = "<group>"; };
		F469A2F423C864DB00B68D27 /* BaseViewModel.swift */ = {isa = PBXFileReference; lastKnownFileType = sourcecode.swift; path = BaseViewModel.swift; sourceTree = "<group>"; };
		F469A2F823C869AE00B68D27 /* Configurations.swift */ = {isa = PBXFileReference; lastKnownFileType = sourcecode.swift; path = Configurations.swift; sourceTree = "<group>"; };
		F469A2FA23C86A3B00B68D27 /* AlertPresentable.swift */ = {isa = PBXFileReference; lastKnownFileType = sourcecode.swift; path = AlertPresentable.swift; sourceTree = "<group>"; };
		F469A2FC23C86C9200B68D27 /* GenericListViewModel.swift */ = {isa = PBXFileReference; lastKnownFileType = sourcecode.swift; path = GenericListViewModel.swift; sourceTree = "<group>"; };
		F469A2FE23C873B500B68D27 /* Timer+Extensions.swift */ = {isa = PBXFileReference; lastKnownFileType = sourcecode.swift; path = "Timer+Extensions.swift"; sourceTree = "<group>"; };
		F469A30023C8BADD00B68D27 /* UIApplication+Extensions.swift */ = {isa = PBXFileReference; lastKnownFileType = sourcecode.swift; path = "UIApplication+Extensions.swift"; sourceTree = "<group>"; };
		F488D9BB237D358B0031D7FB /* CommonTextView.swift */ = {isa = PBXFileReference; lastKnownFileType = sourcecode.swift; path = CommonTextView.swift; sourceTree = "<group>"; };
		F48CE0A523C4A747004D23CD /* KeyValueStorage.swift */ = {isa = PBXFileReference; lastKnownFileType = sourcecode.swift; path = KeyValueStorage.swift; sourceTree = "<group>"; };
		F48EC1F72354B904002E36D3 /* Article.swift */ = {isa = PBXFileReference; lastKnownFileType = sourcecode.swift; path = Article.swift; sourceTree = "<group>"; };
		F4ABB48623E8573400005E7B /* AppCoordinator.swift */ = {isa = PBXFileReference; lastKnownFileType = sourcecode.swift; path = AppCoordinator.swift; sourceTree = "<group>"; };
		F4ABB48823E859FB00005E7B /* NetworkBuilder.swift */ = {isa = PBXFileReference; lastKnownFileType = sourcecode.swift; path = NetworkBuilder.swift; sourceTree = "<group>"; };
		F4ABB48923E859FB00005E7B /* NetworkViewModel.swift */ = {isa = PBXFileReference; lastKnownFileType = sourcecode.swift; path = NetworkViewModel.swift; sourceTree = "<group>"; };
		F4ABB48D23E85A5100005E7B /* GenericListBuilder.swift */ = {isa = PBXFileReference; lastKnownFileType = sourcecode.swift; path = GenericListBuilder.swift; sourceTree = "<group>"; };
		F4ABB49023E85B5600005E7B /* ExampleContainerBuilder.swift */ = {isa = PBXFileReference; lastKnownFileType = sourcecode.swift; path = ExampleContainerBuilder.swift; sourceTree = "<group>"; };
		F4ABB49223E85BC200005E7B /* ExampleContainerViewModel.swift */ = {isa = PBXFileReference; lastKnownFileType = sourcecode.swift; path = ExampleContainerViewModel.swift; sourceTree = "<group>"; };
		F4B6977E23FFB157007585BC /* ViewModelContract.swift */ = {isa = PBXFileReference; lastKnownFileType = sourcecode.swift; path = ViewModelContract.swift; sourceTree = "<group>"; };
		F4BAC71123CC632B005014EB /* BaseViewController.swift */ = {isa = PBXFileReference; lastKnownFileType = sourcecode.swift; path = BaseViewController.swift; sourceTree = "<group>"; };
		F4C4439E23827B8000D33E75 /* CommonButton.swift */ = {isa = PBXFileReference; lastKnownFileType = sourcecode.swift; path = CommonButton.swift; sourceTree = "<group>"; };
		F4DCBC482355F52300C3D892 /* en */ = {isa = PBXFileReference; lastKnownFileType = text.plist.strings; name = en; path = en.lproj/Localizable.strings; sourceTree = "<group>"; };
		F4DCBC4B2355F56300C3D892 /* tr */ = {isa = PBXFileReference; lastKnownFileType = text.plist.strings; name = tr; path = tr.lproj/Localizable.strings; sourceTree = "<group>"; };
		F4DCBC4C2355F66B00C3D892 /* String+Extensions.swift */ = {isa = PBXFileReference; lastKnownFileType = sourcecode.swift; path = "String+Extensions.swift"; sourceTree = "<group>"; };
		FBE8AE2B618C3A9A2641B9C9 /* Pods-BaseProject.release.xcconfig */ = {isa = PBXFileReference; includeInIndex = 1; lastKnownFileType = text.xcconfig; name = "Pods-BaseProject.release.xcconfig"; path = "Target Support Files/Pods-BaseProject/Pods-BaseProject.release.xcconfig"; sourceTree = "<group>"; };
/* End PBXFileReference section */

/* Begin PBXFrameworksBuildPhase section */
		F45B88CF2335406300E5A6F9 /* Frameworks */ = {
			isa = PBXFrameworksBuildPhase;
			buildActionMask = 2147483647;
			files = (
				F4D45B61243C7A72005D4A6D /* RxRelay in Frameworks */,
				F45A11BD243C9A7800469C3A /* EKNetworkModule in Frameworks */,
				E1010DD2216F5F86A3CB35BD /* Pods_BaseProject.framework in Frameworks */,
				F4D45B63243C7A72005D4A6D /* RxCocoa in Frameworks */,
				F4D45B4F243C722B005D4A6D /* LBTATools in Frameworks */,
				F4D45B5B243C7713005D4A6D /* SwiftTheme in Frameworks */,
				F4D45B5E243C7936005D4A6D /* Localize_Swift in Frameworks */,
				F4D45B65243C7A72005D4A6D /* RxSwift in Frameworks */,
				F4D45B44243C6827005D4A6D /* SnapKit in Frameworks */,
				F4D45B4C243C6FCF005D4A6D /* NVActivityIndicatorView in Frameworks */,
				F4D45B52243C72C8005D4A6D /* XCoordinator in Frameworks */,
				F4D45B58243C73F6005D4A6D /* Toast in Frameworks */,
				F4D45B55243C734A005D4A6D /* AloeStackView in Frameworks */,
			);
			runOnlyForDeploymentPostprocessing = 0;
		};
/* End PBXFrameworksBuildPhase section */

/* Begin PBXGroup section */
		B7587A93EC06C128722C81AA /* Pods */ = {
			isa = PBXGroup;
			children = (
				6AD1D797168504577404381D /* Pods-BaseProject.debug.xcconfig */,
				FBE8AE2B618C3A9A2641B9C9 /* Pods-BaseProject.release.xcconfig */,
			);
			path = Pods;
			sourceTree = "<group>";
		};
		D2C3BE7D9951B8001374A43A /* Frameworks */ = {
			isa = PBXGroup;
			children = (
				10597F97009A2EC1A100AC08 /* Pods_BaseProject.framework */,
			);
			name = Frameworks;
			sourceTree = "<group>";
		};
		F41295C3235DE94900DD6D8C /* Sample-Network */ = {
			isa = PBXGroup;
			children = (
				F45B89012337367E00E5A6F9 /* NetworkViewController.swift */,
				F4ABB48823E859FB00005E7B /* NetworkBuilder.swift */,
				F4ABB48923E859FB00005E7B /* NetworkViewModel.swift */,
			);
			path = "Sample-Network";
			sourceTree = "<group>";
		};
		F41295C4235EE1FC00DD6D8C /* Sample-GenericListView */ = {
			isa = PBXGroup;
			children = (
				F4ABB48D23E85A5100005E7B /* GenericListBuilder.swift */,
				F41295C1235DDFBF00DD6D8C /* GenericListController.swift */,
				F469A2FC23C86C9200B68D27 /* GenericListViewModel.swift */,
			);
			path = "Sample-GenericListView";
			sourceTree = "<group>";
		};
		F41F937C2412469900688998 /* Spartan */ = {
			isa = PBXGroup;
			children = (
				F41F937D2412469900688998 /* Spartan-Medium.ttf */,
				F41F93812412469900688998 /* Spartan-Bold.ttf */,
				F41F93822412469900688998 /* Spartan-Light.ttf */,
				F41F93832412469900688998 /* Spartan-Regular.ttf */,
				F41F93852412469900688998 /* Spartan-SemiBold.ttf */,
			);
			path = Spartan;
			sourceTree = "<group>";
		};
		F45B88C92335406300E5A6F9 = {
			isa = PBXGroup;
			children = (
				F4307D3D23DACA3D0016C8AA /* Settings.bundle */,
				F4DCBC472355F52300C3D892 /* Localizable.strings */,
				F45B88D42335406300E5A6F9 /* BaseProject */,
				F45B88D32335406300E5A6F9 /* Products */,
				B7587A93EC06C128722C81AA /* Pods */,
				D2C3BE7D9951B8001374A43A /* Frameworks */,
			);
			sourceTree = "<group>";
		};
		F45B88D32335406300E5A6F9 /* Products */ = {
			isa = PBXGroup;
			children = (
				F45B88D22335406300E5A6F9 /* BaseProject.app */,
			);
			name = Products;
			sourceTree = "<group>";
		};
		F45B88D42335406300E5A6F9 /* BaseProject */ = {
			isa = PBXGroup;
			children = (
				F477DCCA24600F1600BCFD7D /* App */,
				F464D0FA240E96E100C9F783 /* Resources */,
				F469A2F723C8699700B68D27 /* Configurations */,
				F4ABB48523E8571600005E7B /* Coordinators */,
				F45B88FE2337320000E5A6F9 /* Example */,
				F469A2F623C8674F00B68D27 /* Extensions */,
				F45B88EC2336382200E5A6F9 /* Common */,
				F45B88E32335406400E5A6F9 /* Info.plist */,
				F45B88E02335406400E5A6F9 /* LaunchScreen.storyboard */,
				F48EC1F62354B8F3002E36D3 /* Model */,
				F45B88EB2336381B00E5A6F9 /* Network */,
			);
			path = BaseProject;
			sourceTree = "<group>";
		};
		F45B88EB2336381B00E5A6F9 /* Network */ = {
			isa = PBXGroup;
			children = (
				F42F7CA523F28E18001FCA6C /* EndPoints.swift */,
			);
			path = Network;
			sourceTree = "<group>";
		};
		F45B88EC2336382200E5A6F9 /* Common */ = {
			isa = PBXGroup;
			children = (
				F4BAC71123CC632B005014EB /* BaseViewController.swift */,
				F469A2F223C8602400B68D27 /* BaseViewModelBehaviour.swift */,
				F469A2F423C864DB00B68D27 /* BaseViewModel.swift */,
				F4B6977E23FFB157007585BC /* ViewModelContract.swift */,
				F47E14D523FA8D770050C2A1 /* UI */,
				F48B284423F56C2500EE4325 /* Theme */,
				F464D102240FD23C00C9F783 /* TextStyle */,
				F477DCC924600EBC00BCFD7D /* Other */,
				F477DCC824600E9300BCFD7D /* Constants */,
			);
			path = Common;
			sourceTree = "<group>";
		};
		F45B88FE2337320000E5A6F9 /* Example */ = {
			isa = PBXGroup;
			children = (
				F4ABB49023E85B5600005E7B /* ExampleContainerBuilder.swift */,
				F4ABB49223E85BC200005E7B /* ExampleContainerViewModel.swift */,
				F45B88FF2337322F00E5A6F9 /* ExampleTableViewCell.swift */,
				F45B88D92335406300E5A6F9 /* ExampleViewController.swift */,
				F41295C4235EE1FC00DD6D8C /* Sample-GenericListView */,
				F41295C3235DE94900DD6D8C /* Sample-Network */,
				F4BAC71323CC6637005014EB /* Sample-Template */,
				F464D0E3240D47B000C9F783 /* Sample-Settings */,
			);
			path = Example;
			sourceTree = "<group>";
		};
		F464D0E3240D47B000C9F783 /* Sample-Settings */ = {
			isa = PBXGroup;
			children = (
				F464D0EA240D490300C9F783 /* SettingsViewController.swift */,
				F464D0EB240D490300C9F783 /* SettingsBuilder.swift */,
				F464D0EC240D490300C9F783 /* SettingsViewModel.swift */,
			);
			path = "Sample-Settings";
			sourceTree = "<group>";
		};
		F464D0FA240E96E100C9F783 /* Resources */ = {
			isa = PBXGroup;
			children = (
				F45B88DE2335406400E5A6F9 /* Assets.xcassets */,
				F464D1082410F47A00C9F783 /* Fonts */,
				F464D100240E992C00C9F783 /* .swiftlint.yml */,
			);
			path = Resources;
			sourceTree = "<group>";
		};
		F464D102240FD23C00C9F783 /* TextStyle */ = {
			isa = PBXGroup;
			children = (
				F464D103240FD27200C9F783 /* TextStyle.swift */,
				F41F937A24123E4D00688998 /* FontPickerController.swift */,
			);
			path = TextStyle;
			sourceTree = "<group>";
		};
		F464D1082410F47A00C9F783 /* Fonts */ = {
			isa = PBXGroup;
			children = (
				F41F937C2412469900688998 /* Spartan */,
				F464D1092410F49200C9F783 /* Raleway */,
			);
			path = Fonts;
			sourceTree = "<group>";
		};
		F464D1092410F49200C9F783 /* Raleway */ = {
			isa = PBXGroup;
			children = (
				F464D1122410F49200C9F783 /* Raleway-Regular.ttf */,
				F464D10E2410F49200C9F783 /* Raleway-Medium.ttf */,
				F464D1152410F49200C9F783 /* Raleway-Light.ttf */,
				F464D11C2410F49200C9F783 /* Raleway-Bold.ttf */,
				F464D10F2410F49200C9F783 /* Raleway-SemiBold.ttf */,
				F464D11B2410F49200C9F783 /* Raleway-Italic.ttf */,
			);
			path = Raleway;
			sourceTree = "<group>";
		};
		F469A2F623C8674F00B68D27 /* Extensions */ = {
			isa = PBXGroup;
			children = (
				F439F10223EBE2A500231A89 /* NSAttributedString+Extensions.swift */,
				F436133523CC8B2D0065DC57 /* NSMutableAttributedString+Extensions.swift */,
				F4DCBC4C2355F66B00C3D892 /* String+Extensions.swift */,
				F469A2FE23C873B500B68D27 /* Timer+Extensions.swift */,
				F469A30023C8BADD00B68D27 /* UIApplication+Extensions.swift */,
				F439F10423EBE37000231A89 /* UIView+Extensions.swift */,
				F439F10623EBE41C00231A89 /* UIViewController+Extensions.swift */,
				F42F7CA723F2BC2D001FCA6C /* UIColor+Extensions.swift */,
				F44B9B982407931300B0C36E /* UIImage+Extensions.swift */,
				F464D0F0240E329B00C9F783 /* UIEdgeInsets+Extensions.swift */,
			);
			path = Extensions;
			sourceTree = "<group>";
		};
		F469A2F723C8699700B68D27 /* Configurations */ = {
			isa = PBXGroup;
			children = (
				F469A2F823C869AE00B68D27 /* Configurations.swift */,
			);
			path = Configurations;
			sourceTree = "<group>";
		};
		F477DCC824600E9300BCFD7D /* Constants */ = {
			isa = PBXGroup;
			children = (
				F436133323CC87650065DC57 /* Constants.swift */,
			);
			path = Constants;
			sourceTree = "<group>";
		};
		F477DCC924600EBC00BCFD7D /* Other */ = {
			isa = PBXGroup;
			children = (
				F439F10823ED36C600231A89 /* ErrorPresentationType.swift */,
				F469A2F023C7489900B68D27 /* Connectivity.swift */,
				F45B88E9233559EE00E5A6F9 /* Identifiable.swift */,
				F48CE0A523C4A747004D23CD /* KeyValueStorage.swift */,
				F45B88ED23363AAB00E5A6F9 /* Log.swift */,
				F45B88F523364F8A00E5A6F9 /* LoaderPresentable.swift */,
				F469A2FA23C86A3B00B68D27 /* AlertPresentable.swift */,
			);
			path = Other;
			sourceTree = "<group>";
		};
		F477DCCA24600F1600BCFD7D /* App */ = {
			isa = PBXGroup;
			children = (
				F45B88D52335406300E5A6F9 /* AppDelegate.swift */,
			);
			path = App;
			sourceTree = "<group>";
		};
		F47E14D523FA8D770050C2A1 /* UI */ = {
			isa = PBXGroup;
			children = (
				F4C4439E23827B8000D33E75 /* CommonButton.swift */,
				F464D0F8240E7A8B00C9F783 /* CommonLabel.swift */,
				F464D0F2240E4A2400C9F783 /* CommonView.swift */,
				F488D9BB237D358B0031D7FB /* CommonTextView.swift */,
			);
			path = UI;
			sourceTree = "<group>";
		};
		F48B284423F56C2500EE4325 /* Theme */ = {
			isa = PBXGroup;
			children = (
				F464D0F4240E6C6800C9F783 /* MyThemes.swift */,
				F464D0F6240E75BF00C9F783 /* GlobalPicker.swift */,
			);
			path = Theme;
			sourceTree = "<group>";
		};
		F48EC1F62354B8F3002E36D3 /* Model */ = {
			isa = PBXGroup;
			children = (
				F48EC1F72354B904002E36D3 /* Article.swift */,
			);
			path = Model;
			sourceTree = "<group>";
		};
		F4ABB48523E8571600005E7B /* Coordinators */ = {
			isa = PBXGroup;
			children = (
				F4ABB48623E8573400005E7B /* AppCoordinator.swift */,
			);
			path = Coordinators;
			sourceTree = "<group>";
		};
		F4BAC71323CC6637005014EB /* Sample-Template */ = {
			isa = PBXGroup;
			children = (
				F436133823CCAF110065DC57 /* TemplateBuilder.swift */,
				F436133723CCAF110065DC57 /* TemplateViewController.swift */,
				F436133923CCAF110065DC57 /* TemplateViewModel.swift */,
			);
			path = "Sample-Template";
			sourceTree = "<group>";
		};
/* End PBXGroup section */

/* Begin PBXNativeTarget section */
		F45B88D12335406300E5A6F9 /* BaseProject */ = {
			isa = PBXNativeTarget;
			buildConfigurationList = F45B88E62335406400E5A6F9 /* Build configuration list for PBXNativeTarget "BaseProject" */;
			buildPhases = (
				C1A6FD8A5E0BDAC2B18631A3 /* [CP] Check Pods Manifest.lock */,
				F45B88CE2335406300E5A6F9 /* Sources */,
				F45B88CF2335406300E5A6F9 /* Frameworks */,
				F45B88D02335406300E5A6F9 /* Resources */,
				4A7DFD82C86B789D813AA006 /* [CP] Embed Pods Frameworks */,
				F4307D3F23DADEC10016C8AA /* Configure Settings Bundle */,
				F464D0FD240E972400C9F783 /* SwiftLint Script */,
				F4D45B49243C6A63005D4A6D /* Embed Frameworks */,
			);
			buildRules = (
			);
			dependencies = (
			);
			name = BaseProject;
			packageProductDependencies = (
				F4D45B43243C6827005D4A6D /* SnapKit */,
				F4D45B4B243C6FCF005D4A6D /* NVActivityIndicatorView */,
				F4D45B4E243C722B005D4A6D /* LBTATools */,
				F4D45B51243C72C8005D4A6D /* XCoordinator */,
				F4D45B54243C734A005D4A6D /* AloeStackView */,
				F4D45B57243C73F6005D4A6D /* Toast */,
				F4D45B5A243C7713005D4A6D /* SwiftTheme */,
				F4D45B5D243C7936005D4A6D /* Localize_Swift */,
				F4D45B60243C7A72005D4A6D /* RxRelay */,
				F4D45B62243C7A72005D4A6D /* RxCocoa */,
				F4D45B64243C7A72005D4A6D /* RxSwift */,
				F45A11BC243C9A7800469C3A /* EKNetworkModule */,
			);
			productName = BaseProject;
			productReference = F45B88D22335406300E5A6F9 /* BaseProject.app */;
			productType = "com.apple.product-type.application";
		};
/* End PBXNativeTarget section */

/* Begin PBXProject section */
		F45B88CA2335406300E5A6F9 /* Project object */ = {
			isa = PBXProject;
			attributes = {
				LastSwiftUpdateCheck = 1100;
				LastUpgradeCheck = 1100;
				ORGANIZATIONNAME = "Enes Karaosman";
				TargetAttributes = {
					F45B88D12335406300E5A6F9 = {
						CreatedOnToolsVersion = 11.0;
					};
				};
			};
			buildConfigurationList = F45B88CD2335406300E5A6F9 /* Build configuration list for PBXProject "BaseProject" */;
			compatibilityVersion = "Xcode 9.3";
			developmentRegion = en;
			hasScannedForEncodings = 0;
			knownRegions = (
				en,
				Base,
				tr,
			);
			mainGroup = F45B88C92335406300E5A6F9;
			packageReferences = (
				F4D45B42243C6827005D4A6D /* XCRemoteSwiftPackageReference "SnapKit" */,
				F4D45B4A243C6FCF005D4A6D /* XCRemoteSwiftPackageReference "NVActivityIndicatorView" */,
				F4D45B4D243C722B005D4A6D /* XCRemoteSwiftPackageReference "LBTATools" */,
				F4D45B50243C72C8005D4A6D /* XCRemoteSwiftPackageReference "XCoordinator" */,
				F4D45B53243C734A005D4A6D /* XCRemoteSwiftPackageReference "AloeStackView" */,
				F4D45B56243C73F6005D4A6D /* XCRemoteSwiftPackageReference "Toast-Swift" */,
				F4D45B59243C7713005D4A6D /* XCRemoteSwiftPackageReference "SwiftTheme" */,
				F4D45B5C243C7936005D4A6D /* XCRemoteSwiftPackageReference "Localize-Swift" */,
				F4D45B5F243C7A72005D4A6D /* XCRemoteSwiftPackageReference "RxSwift" */,
				F45A11BB243C9A7800469C3A /* XCRemoteSwiftPackageReference "EKNetworkModule" */,
			);
			productRefGroup = F45B88D32335406300E5A6F9 /* Products */;
			projectDirPath = "";
			projectRoot = "";
			targets = (
				F45B88D12335406300E5A6F9 /* BaseProject */,
			);
		};
/* End PBXProject section */

/* Begin PBXResourcesBuildPhase section */
		F45B88D02335406300E5A6F9 /* Resources */ = {
			isa = PBXResourcesBuildPhase;
			buildActionMask = 2147483647;
			files = (
				F464D101240E992C00C9F783 /* .swiftlint.yml in Resources */,
				F4307D3E23DACA3D0016C8AA /* Settings.bundle in Resources */,
				F464D1282410F49300C9F783 /* Raleway-Light.ttf in Resources */,
				F45B88E22335406400E5A6F9 /* LaunchScreen.storyboard in Resources */,
				F41F93862412469900688998 /* Spartan-Medium.ttf in Resources */,
				F4DCBC492355F52300C3D892 /* Localizable.strings in Resources */,
				F41F938B2412469900688998 /* Spartan-Light.ttf in Resources */,
				F464D12F2410F49300C9F783 /* Raleway-Bold.ttf in Resources */,
				F41F938E2412469900688998 /* Spartan-SemiBold.ttf in Resources */,
				F464D12E2410F49300C9F783 /* Raleway-Italic.ttf in Resources */,
				F464D1212410F49300C9F783 /* Raleway-Medium.ttf in Resources */,
				F464D1222410F49300C9F783 /* Raleway-SemiBold.ttf in Resources */,
				F41F938C2412469900688998 /* Spartan-Regular.ttf in Resources */,
				F464D1252410F49300C9F783 /* Raleway-Regular.ttf in Resources */,
				F45B88DF2335406400E5A6F9 /* Assets.xcassets in Resources */,
				F41F938A2412469900688998 /* Spartan-Bold.ttf in Resources */,
			);
			runOnlyForDeploymentPostprocessing = 0;
		};
/* End PBXResourcesBuildPhase section */

/* Begin PBXShellScriptBuildPhase section */
		4A7DFD82C86B789D813AA006 /* [CP] Embed Pods Frameworks */ = {
			isa = PBXShellScriptBuildPhase;
			buildActionMask = 2147483647;
			files = (
			);
			inputFileListPaths = (
				"${PODS_ROOT}/Target Support Files/Pods-BaseProject/Pods-BaseProject-frameworks-${CONFIGURATION}-input-files.xcfilelist",
			);
			name = "[CP] Embed Pods Frameworks";
			outputFileListPaths = (
				"${PODS_ROOT}/Target Support Files/Pods-BaseProject/Pods-BaseProject-frameworks-${CONFIGURATION}-output-files.xcfilelist",
			);
			runOnlyForDeploymentPostprocessing = 0;
			shellPath = /bin/sh;
			shellScript = "\"${PODS_ROOT}/Target Support Files/Pods-BaseProject/Pods-BaseProject-frameworks.sh\"\n";
			showEnvVarsInLog = 0;
		};
		C1A6FD8A5E0BDAC2B18631A3 /* [CP] Check Pods Manifest.lock */ = {
			isa = PBXShellScriptBuildPhase;
			buildActionMask = 2147483647;
			files = (
			);
			inputFileListPaths = (
			);
			inputPaths = (
				"${PODS_PODFILE_DIR_PATH}/Podfile.lock",
				"${PODS_ROOT}/Manifest.lock",
			);
			name = "[CP] Check Pods Manifest.lock";
			outputFileListPaths = (
			);
			outputPaths = (
				"$(DERIVED_FILE_DIR)/Pods-BaseProject-checkManifestLockResult.txt",
			);
			runOnlyForDeploymentPostprocessing = 0;
			shellPath = /bin/sh;
			shellScript = "diff \"${PODS_PODFILE_DIR_PATH}/Podfile.lock\" \"${PODS_ROOT}/Manifest.lock\" > /dev/null\nif [ $? != 0 ] ; then\n    # print error to STDERR\n    echo \"error: The sandbox is not in sync with the Podfile.lock. Run 'pod install' or update your CocoaPods installation.\" >&2\n    exit 1\nfi\n# This output is used by Xcode 'outputs' to avoid re-running this script phase.\necho \"SUCCESS\" > \"${SCRIPT_OUTPUT_FILE_0}\"\n";
			showEnvVarsInLog = 0;
		};
		F4307D3F23DADEC10016C8AA /* Configure Settings Bundle */ = {
			isa = PBXShellScriptBuildPhase;
			buildActionMask = 2147483647;
			files = (
			);
			inputFileListPaths = (
			);
			inputPaths = (
			);
			name = "Configure Settings Bundle";
			outputFileListPaths = (
			);
			outputPaths = (
			);
			runOnlyForDeploymentPostprocessing = 0;
			shellPath = /bin/sh;
			shellScript = "# Type a script or drag a script file from your workspace to insert its path.\nBUILD_APP_DIR=${BUILT_PRODUCTS_DIR}/${PRODUCT_NAME}.app\n\nif [\"$CONFIGURATION\" == \"Release\"]; then\nrm -Rf $BUILD_APP_DIR/Settings.bundle\nfi\n";
		};
		F464D0FD240E972400C9F783 /* SwiftLint Script */ = {
			isa = PBXShellScriptBuildPhase;
			buildActionMask = 2147483647;
			files = (
			);
			inputFileListPaths = (
			);
			inputPaths = (
			);
			name = "SwiftLint Script";
			outputFileListPaths = (
			);
			outputPaths = (
			);
			runOnlyForDeploymentPostprocessing = 0;
			shellPath = /bin/sh;
			shellScript = "\"${PODS_ROOT}/SwiftLint/swiftlint\"\n";
		};
/* End PBXShellScriptBuildPhase section */

/* Begin PBXSourcesBuildPhase section */
		F45B88CE2335406300E5A6F9 /* Sources */ = {
			isa = PBXSourcesBuildPhase;
			buildActionMask = 2147483647;
			files = (
				F48EC1F82354B904002E36D3 /* Article.swift in Sources */,
				F464D0EE240D490300C9F783 /* SettingsBuilder.swift in Sources */,
				F4ABB49123E85B5600005E7B /* ExampleContainerBuilder.swift in Sources */,
				F4ABB48723E8573400005E7B /* AppCoordinator.swift in Sources */,
				F469A2F523C864DB00B68D27 /* BaseViewModel.swift in Sources */,
				F436133B23CCAF110065DC57 /* TemplateBuilder.swift in Sources */,
				F4ABB48A23E859FB00005E7B /* NetworkBuilder.swift in Sources */,
				F439F10523EBE37000231A89 /* UIView+Extensions.swift in Sources */,
				F4BAC71223CC632B005014EB /* BaseViewController.swift in Sources */,
				F41F937B24123E4D00688998 /* FontPickerController.swift in Sources */,
				F469A2F123C7489900B68D27 /* Connectivity.swift in Sources */,
				F4C4439F23827B8000D33E75 /* CommonButton.swift in Sources */,
				F45B88DA2335406300E5A6F9 /* ExampleViewController.swift in Sources */,
				F464D0F7240E75BF00C9F783 /* GlobalPicker.swift in Sources */,
				F464D104240FD27200C9F783 /* TextStyle.swift in Sources */,
				F41295C2235DDFBF00DD6D8C /* GenericListController.swift in Sources */,
				F45B88EA233559EE00E5A6F9 /* Identifiable.swift in Sources */,
				F439F10923ED36C600231A89 /* ErrorPresentationType.swift in Sources */,
				F488D9BC237D358B0031D7FB /* CommonTextView.swift in Sources */,
				F45B88F623364F8A00E5A6F9 /* LoaderPresentable.swift in Sources */,
				F469A2FF23C873B500B68D27 /* Timer+Extensions.swift in Sources */,
				F436133623CC8B2D0065DC57 /* NSMutableAttributedString+Extensions.swift in Sources */,
				F464D0F5240E6C6800C9F783 /* MyThemes.swift in Sources */,
				F439F10723EBE41C00231A89 /* UIViewController+Extensions.swift in Sources */,
				F4ABB49323E85BC200005E7B /* ExampleContainerViewModel.swift in Sources */,
				F45B88EE23363AAB00E5A6F9 /* Log.swift in Sources */,
				F4B6977F23FFB157007585BC /* ViewModelContract.swift in Sources */,
				F45B89002337322F00E5A6F9 /* ExampleTableViewCell.swift in Sources */,
				F4ABB48B23E859FB00005E7B /* NetworkViewModel.swift in Sources */,
				F469A2FD23C86C9200B68D27 /* GenericListViewModel.swift in Sources */,
				F4DCBC4D2355F66B00C3D892 /* String+Extensions.swift in Sources */,
				F436133C23CCAF110065DC57 /* TemplateViewModel.swift in Sources */,
				F464D0F3240E4A2400C9F783 /* CommonView.swift in Sources */,
				F44B9B992407931300B0C36E /* UIImage+Extensions.swift in Sources */,
				F42F7CA623F28E18001FCA6C /* EndPoints.swift in Sources */,
				F464D0F9240E7A8B00C9F783 /* CommonLabel.swift in Sources */,
				F464D0F1240E329B00C9F783 /* UIEdgeInsets+Extensions.swift in Sources */,
				F436133423CC87650065DC57 /* Constants.swift in Sources */,
				F48CE0A623C4A747004D23CD /* KeyValueStorage.swift in Sources */,
				F439F10323EBE2A500231A89 /* NSAttributedString+Extensions.swift in Sources */,
				F436133A23CCAF110065DC57 /* TemplateViewController.swift in Sources */,
				F4ABB48F23E85A5100005E7B /* GenericListBuilder.swift in Sources */,
				F469A30123C8BADD00B68D27 /* UIApplication+Extensions.swift in Sources */,
				F45B89022337367E00E5A6F9 /* NetworkViewController.swift in Sources */,
				F469A2F323C8602400B68D27 /* BaseViewModelBehaviour.swift in Sources */,
				F42F7CA823F2BC2D001FCA6C /* UIColor+Extensions.swift in Sources */,
				F469A2F923C869AE00B68D27 /* Configurations.swift in Sources */,
				F45B88D62335406300E5A6F9 /* AppDelegate.swift in Sources */,
				F469A2FB23C86A3B00B68D27 /* AlertPresentable.swift in Sources */,
				F464D0ED240D490300C9F783 /* SettingsViewController.swift in Sources */,
				F464D0EF240D490300C9F783 /* SettingsViewModel.swift in Sources */,
			);
			runOnlyForDeploymentPostprocessing = 0;
		};
/* End PBXSourcesBuildPhase section */

/* Begin PBXVariantGroup section */
		F45B88E02335406400E5A6F9 /* LaunchScreen.storyboard */ = {
			isa = PBXVariantGroup;
			children = (
				F45B88E12335406400E5A6F9 /* Base */,
			);
			name = LaunchScreen.storyboard;
			sourceTree = "<group>";
		};
		F4DCBC472355F52300C3D892 /* Localizable.strings */ = {
			isa = PBXVariantGroup;
			children = (
				F4DCBC482355F52300C3D892 /* en */,
				F4DCBC4B2355F56300C3D892 /* tr */,
			);
			name = Localizable.strings;
			sourceTree = "<group>";
		};
/* End PBXVariantGroup section */

/* Begin XCBuildConfiguration section */
		F45B88E42335406400E5A6F9 /* Debug */ = {
			isa = XCBuildConfiguration;
			buildSettings = {
				ALWAYS_SEARCH_USER_PATHS = NO;
				CLANG_ANALYZER_LOCALIZABILITY_NONLOCALIZED = YES;
				CLANG_ANALYZER_NONNULL = YES;
				CLANG_ANALYZER_NUMBER_OBJECT_CONVERSION = YES_AGGRESSIVE;
				CLANG_CXX_LANGUAGE_STANDARD = "gnu++14";
				CLANG_CXX_LIBRARY = "libc++";
				CLANG_ENABLE_MODULES = YES;
				CLANG_ENABLE_OBJC_ARC = YES;
				CLANG_ENABLE_OBJC_WEAK = YES;
				CLANG_WARN_BLOCK_CAPTURE_AUTORELEASING = YES;
				CLANG_WARN_BOOL_CONVERSION = YES;
				CLANG_WARN_COMMA = YES;
				CLANG_WARN_CONSTANT_CONVERSION = YES;
				CLANG_WARN_DEPRECATED_OBJC_IMPLEMENTATIONS = YES;
				CLANG_WARN_DIRECT_OBJC_ISA_USAGE = YES_ERROR;
				CLANG_WARN_DOCUMENTATION_COMMENTS = YES;
				CLANG_WARN_EMPTY_BODY = YES;
				CLANG_WARN_ENUM_CONVERSION = YES;
				CLANG_WARN_INFINITE_RECURSION = YES;
				CLANG_WARN_INT_CONVERSION = YES;
				CLANG_WARN_NON_LITERAL_NULL_CONVERSION = YES;
				CLANG_WARN_OBJC_IMPLICIT_RETAIN_SELF = YES;
				CLANG_WARN_OBJC_LITERAL_CONVERSION = YES;
				CLANG_WARN_OBJC_ROOT_CLASS = YES_ERROR;
				CLANG_WARN_RANGE_LOOP_ANALYSIS = YES;
				CLANG_WARN_STRICT_PROTOTYPES = YES;
				CLANG_WARN_SUSPICIOUS_MOVE = YES;
				CLANG_WARN_UNGUARDED_AVAILABILITY = YES_AGGRESSIVE;
				CLANG_WARN_UNREACHABLE_CODE = YES;
				CLANG_WARN__DUPLICATE_METHOD_MATCH = YES;
				COPY_PHASE_STRIP = NO;
				DEBUG_INFORMATION_FORMAT = dwarf;
				ENABLE_STRICT_OBJC_MSGSEND = YES;
				ENABLE_TESTABILITY = YES;
				GCC_C_LANGUAGE_STANDARD = gnu11;
				GCC_DYNAMIC_NO_PIC = NO;
				GCC_NO_COMMON_BLOCKS = YES;
				GCC_OPTIMIZATION_LEVEL = 0;
				GCC_PREPROCESSOR_DEFINITIONS = (
					"DEBUG=1",
					"$(inherited)",
				);
				GCC_WARN_64_TO_32_BIT_CONVERSION = YES;
				GCC_WARN_ABOUT_RETURN_TYPE = YES_ERROR;
				GCC_WARN_UNDECLARED_SELECTOR = YES;
				GCC_WARN_UNINITIALIZED_AUTOS = YES_AGGRESSIVE;
				GCC_WARN_UNUSED_FUNCTION = YES;
				GCC_WARN_UNUSED_VARIABLE = YES;
				IPHONEOS_DEPLOYMENT_TARGET = 13.0;
				MTL_ENABLE_DEBUG_INFO = INCLUDE_SOURCE;
				MTL_FAST_MATH = YES;
				ONLY_ACTIVE_ARCH = YES;
				SDKROOT = iphoneos;
				SWIFT_ACTIVE_COMPILATION_CONDITIONS = DEBUG;
				SWIFT_OPTIMIZATION_LEVEL = "-Onone";
			};
			name = Debug;
		};
		F45B88E52335406400E5A6F9 /* Release */ = {
			isa = XCBuildConfiguration;
			buildSettings = {
				ALWAYS_SEARCH_USER_PATHS = NO;
				CLANG_ANALYZER_LOCALIZABILITY_NONLOCALIZED = YES;
				CLANG_ANALYZER_NONNULL = YES;
				CLANG_ANALYZER_NUMBER_OBJECT_CONVERSION = YES_AGGRESSIVE;
				CLANG_CXX_LANGUAGE_STANDARD = "gnu++14";
				CLANG_CXX_LIBRARY = "libc++";
				CLANG_ENABLE_MODULES = YES;
				CLANG_ENABLE_OBJC_ARC = YES;
				CLANG_ENABLE_OBJC_WEAK = YES;
				CLANG_WARN_BLOCK_CAPTURE_AUTORELEASING = YES;
				CLANG_WARN_BOOL_CONVERSION = YES;
				CLANG_WARN_COMMA = YES;
				CLANG_WARN_CONSTANT_CONVERSION = YES;
				CLANG_WARN_DEPRECATED_OBJC_IMPLEMENTATIONS = YES;
				CLANG_WARN_DIRECT_OBJC_ISA_USAGE = YES_ERROR;
				CLANG_WARN_DOCUMENTATION_COMMENTS = YES;
				CLANG_WARN_EMPTY_BODY = YES;
				CLANG_WARN_ENUM_CONVERSION = YES;
				CLANG_WARN_INFINITE_RECURSION = YES;
				CLANG_WARN_INT_CONVERSION = YES;
				CLANG_WARN_NON_LITERAL_NULL_CONVERSION = YES;
				CLANG_WARN_OBJC_IMPLICIT_RETAIN_SELF = YES;
				CLANG_WARN_OBJC_LITERAL_CONVERSION = YES;
				CLANG_WARN_OBJC_ROOT_CLASS = YES_ERROR;
				CLANG_WARN_RANGE_LOOP_ANALYSIS = YES;
				CLANG_WARN_STRICT_PROTOTYPES = YES;
				CLANG_WARN_SUSPICIOUS_MOVE = YES;
				CLANG_WARN_UNGUARDED_AVAILABILITY = YES_AGGRESSIVE;
				CLANG_WARN_UNREACHABLE_CODE = YES;
				CLANG_WARN__DUPLICATE_METHOD_MATCH = YES;
				COPY_PHASE_STRIP = NO;
				DEBUG_INFORMATION_FORMAT = "dwarf-with-dsym";
				ENABLE_NS_ASSERTIONS = NO;
				ENABLE_STRICT_OBJC_MSGSEND = YES;
				GCC_C_LANGUAGE_STANDARD = gnu11;
				GCC_NO_COMMON_BLOCKS = YES;
				GCC_WARN_64_TO_32_BIT_CONVERSION = YES;
				GCC_WARN_ABOUT_RETURN_TYPE = YES_ERROR;
				GCC_WARN_UNDECLARED_SELECTOR = YES;
				GCC_WARN_UNINITIALIZED_AUTOS = YES_AGGRESSIVE;
				GCC_WARN_UNUSED_FUNCTION = YES;
				GCC_WARN_UNUSED_VARIABLE = YES;
				IPHONEOS_DEPLOYMENT_TARGET = 13.0;
				MTL_ENABLE_DEBUG_INFO = NO;
				MTL_FAST_MATH = YES;
				SDKROOT = iphoneos;
				SWIFT_COMPILATION_MODE = wholemodule;
				SWIFT_OPTIMIZATION_LEVEL = "-O";
				VALIDATE_PRODUCT = YES;
			};
			name = Release;
		};
		F45B88E72335406400E5A6F9 /* Debug */ = {
			isa = XCBuildConfiguration;
			baseConfigurationReference = 6AD1D797168504577404381D /* Pods-BaseProject.debug.xcconfig */;
			buildSettings = {
				ASSETCATALOG_COMPILER_APPICON_NAME = AppIcon;
				CODE_SIGN_STYLE = Automatic;
				DEVELOPMENT_TEAM = V4SX8Z4247;
				INFOPLIST_FILE = BaseProject/Info.plist;
				IPHONEOS_DEPLOYMENT_TARGET = 12.0;
				LD_RUNPATH_SEARCH_PATHS = (
					"$(inherited)",
					"@executable_path/Frameworks",
				);
				PRODUCT_BUNDLE_IDENTIFIER = etiya.BaseProject;
				PRODUCT_NAME = "$(TARGET_NAME)";
				SWIFT_VERSION = 5.0;
				TARGETED_DEVICE_FAMILY = "1,2";
			};
			name = Debug;
		};
		F45B88E82335406400E5A6F9 /* Release */ = {
			isa = XCBuildConfiguration;
			baseConfigurationReference = FBE8AE2B618C3A9A2641B9C9 /* Pods-BaseProject.release.xcconfig */;
			buildSettings = {
				ASSETCATALOG_COMPILER_APPICON_NAME = AppIcon;
				CODE_SIGN_STYLE = Automatic;
				DEVELOPMENT_TEAM = V4SX8Z4247;
				INFOPLIST_FILE = BaseProject/Info.plist;
				IPHONEOS_DEPLOYMENT_TARGET = 12.0;
				LD_RUNPATH_SEARCH_PATHS = (
					"$(inherited)",
					"@executable_path/Frameworks",
				);
				PRODUCT_BUNDLE_IDENTIFIER = etiya.BaseProject;
				PRODUCT_NAME = "$(TARGET_NAME)";
				SWIFT_VERSION = 5.0;
				TARGETED_DEVICE_FAMILY = "1,2";
			};
			name = Release;
		};
/* End XCBuildConfiguration section */

/* Begin XCConfigurationList section */
		F45B88CD2335406300E5A6F9 /* Build configuration list for PBXProject "BaseProject" */ = {
			isa = XCConfigurationList;
			buildConfigurations = (
				F45B88E42335406400E5A6F9 /* Debug */,
				F45B88E52335406400E5A6F9 /* Release */,
			);
			defaultConfigurationIsVisible = 0;
			defaultConfigurationName = Release;
		};
		F45B88E62335406400E5A6F9 /* Build configuration list for PBXNativeTarget "BaseProject" */ = {
			isa = XCConfigurationList;
			buildConfigurations = (
				F45B88E72335406400E5A6F9 /* Debug */,
				F45B88E82335406400E5A6F9 /* Release */,
			);
			defaultConfigurationIsVisible = 0;
			defaultConfigurationName = Release;
		};
/* End XCConfigurationList section */

/* Begin XCRemoteSwiftPackageReference section */
		F45A11BB243C9A7800469C3A /* XCRemoteSwiftPackageReference "EKNetworkModule" */ = {
			isa = XCRemoteSwiftPackageReference;
			repositoryURL = "https://github.com/EnesKaraosman/EKNetworkModule.git";
			requirement = {
				kind = upToNextMajorVersion;
				minimumVersion = 0.0.7;
			};
		};
		F4D45B42243C6827005D4A6D /* XCRemoteSwiftPackageReference "SnapKit" */ = {
			isa = XCRemoteSwiftPackageReference;
			repositoryURL = "https://github.com/SnapKit/SnapKit";
			requirement = {
				kind = upToNextMajorVersion;
				minimumVersion = 5.0.1;
			};
		};
		F4D45B4A243C6FCF005D4A6D /* XCRemoteSwiftPackageReference "NVActivityIndicatorView" */ = {
			isa = XCRemoteSwiftPackageReference;
			repositoryURL = "https://github.com/ninjaprox/NVActivityIndicatorView";
			requirement = {
				kind = upToNextMajorVersion;
				minimumVersion = 4.8.0;
			};
		};
		F4D45B4D243C722B005D4A6D /* XCRemoteSwiftPackageReference "LBTATools" */ = {
			isa = XCRemoteSwiftPackageReference;
			repositoryURL = "https://github.com/bhlvoong/LBTATools";
			requirement = {
				kind = upToNextMajorVersion;
				minimumVersion = 1.0.17;
			};
		};
		F4D45B50243C72C8005D4A6D /* XCRemoteSwiftPackageReference "XCoordinator" */ = {
			isa = XCRemoteSwiftPackageReference;
			repositoryURL = "https://github.com/quickbirdstudios/XCoordinator";
			requirement = {
				kind = upToNextMajorVersion;
				minimumVersion = 2.0.7;
			};
		};
		F4D45B53243C734A005D4A6D /* XCRemoteSwiftPackageReference "AloeStackView" */ = {
			isa = XCRemoteSwiftPackageReference;
			repositoryURL = "https://github.com/airbnb/AloeStackView";
			requirement = {
				kind = upToNextMajorVersion;
				minimumVersion = 1.2.0;
			};
		};
		F4D45B56243C73F6005D4A6D /* XCRemoteSwiftPackageReference "Toast-Swift" */ = {
			isa = XCRemoteSwiftPackageReference;
			repositoryURL = "https://github.com/scalessec/Toast-Swift";
			requirement = {
				kind = upToNextMajorVersion;
				minimumVersion = 5.0.1;
			};
		};
		F4D45B59243C7713005D4A6D /* XCRemoteSwiftPackageReference "SwiftTheme" */ = {
			isa = XCRemoteSwiftPackageReference;
			repositoryURL = "https://github.com/wxxsw/SwiftTheme";
			requirement = {
				kind = upToNextMajorVersion;
				minimumVersion = 0.5.2;
			};
		};
		F4D45B5C243C7936005D4A6D /* XCRemoteSwiftPackageReference "Localize-Swift" */ = {
			isa = XCRemoteSwiftPackageReference;
			repositoryURL = "https://github.com/marmelroy/Localize-Swift";
			requirement = {
				kind = upToNextMajorVersion;
				minimumVersion = 3.1.0;
			};
		};
		F4D45B5F243C7A72005D4A6D /* XCRemoteSwiftPackageReference "RxSwift" */ = {
			isa = XCRemoteSwiftPackageReference;
			repositoryURL = "https://github.com/ReactiveX/RxSwift";
			requirement = {
				kind = upToNextMajorVersion;
				minimumVersion = 5.1.1;
			};
		};
/* End XCRemoteSwiftPackageReference section */

/* Begin XCSwiftPackageProductDependency section */
		F45A11BC243C9A7800469C3A /* EKNetworkModule */ = {
			isa = XCSwiftPackageProductDependency;
			package = F45A11BB243C9A7800469C3A /* XCRemoteSwiftPackageReference "EKNetworkModule" */;
			productName = EKNetworkModule;
		};
		F4D45B43243C6827005D4A6D /* SnapKit */ = {
			isa = XCSwiftPackageProductDependency;
			package = F4D45B42243C6827005D4A6D /* XCRemoteSwiftPackageReference "SnapKit" */;
			productName = SnapKit;
		};
		F4D45B4B243C6FCF005D4A6D /* NVActivityIndicatorView */ = {
			isa = XCSwiftPackageProductDependency;
			package = F4D45B4A243C6FCF005D4A6D /* XCRemoteSwiftPackageReference "NVActivityIndicatorView" */;
			productName = NVActivityIndicatorView;
		};
		F4D45B4E243C722B005D4A6D /* LBTATools */ = {
			isa = XCSwiftPackageProductDependency;
			package = F4D45B4D243C722B005D4A6D /* XCRemoteSwiftPackageReference "LBTATools" */;
			productName = LBTATools;
		};
		F4D45B51243C72C8005D4A6D /* XCoordinator */ = {
			isa = XCSwiftPackageProductDependency;
			package = F4D45B50243C72C8005D4A6D /* XCRemoteSwiftPackageReference "XCoordinator" */;
			productName = XCoordinator;
		};
		F4D45B54243C734A005D4A6D /* AloeStackView */ = {
			isa = XCSwiftPackageProductDependency;
			package = F4D45B53243C734A005D4A6D /* XCRemoteSwiftPackageReference "AloeStackView" */;
			productName = AloeStackView;
		};
		F4D45B57243C73F6005D4A6D /* Toast */ = {
			isa = XCSwiftPackageProductDependency;
			package = F4D45B56243C73F6005D4A6D /* XCRemoteSwiftPackageReference "Toast-Swift" */;
			productName = Toast;
		};
		F4D45B5A243C7713005D4A6D /* SwiftTheme */ = {
			isa = XCSwiftPackageProductDependency;
			package = F4D45B59243C7713005D4A6D /* XCRemoteSwiftPackageReference "SwiftTheme" */;
			productName = SwiftTheme;
		};
		F4D45B5D243C7936005D4A6D /* Localize_Swift */ = {
			isa = XCSwiftPackageProductDependency;
			package = F4D45B5C243C7936005D4A6D /* XCRemoteSwiftPackageReference "Localize-Swift" */;
			productName = Localize_Swift;
		};
		F4D45B60243C7A72005D4A6D /* RxRelay */ = {
			isa = XCSwiftPackageProductDependency;
			package = F4D45B5F243C7A72005D4A6D /* XCRemoteSwiftPackageReference "RxSwift" */;
			productName = RxRelay;
		};
		F4D45B62243C7A72005D4A6D /* RxCocoa */ = {
			isa = XCSwiftPackageProductDependency;
			package = F4D45B5F243C7A72005D4A6D /* XCRemoteSwiftPackageReference "RxSwift" */;
			productName = RxCocoa;
		};
		F4D45B64243C7A72005D4A6D /* RxSwift */ = {
			isa = XCSwiftPackageProductDependency;
			package = F4D45B5F243C7A72005D4A6D /* XCRemoteSwiftPackageReference "RxSwift" */;
			productName = RxSwift;
		};
/* End XCSwiftPackageProductDependency section */
	};
	rootObject = F45B88CA2335406300E5A6F9 /* Project object */;
}
